{
  "name": "alergy",
  "lockfileVersion": 2,
  "requires": true,
  "packages": {
    "": {
      "dependencies": {
        "tankit": "^1.0.9"
      }
    },
    "node_modules/tankit": {
      "version": "1.0.9",
      "resolved": "https://registry.npmjs.org/tankit/-/tankit-1.0.9.tgz",
      "integrity": "sha512-TzeQqS5g8e1seV4qTxL9HO7z+wOBImqlvNxbjNQalDLaVMMmftDbqlXUt1jujtxAVueFIJIk10Piz2wiwYDtxA==",
      "bin": {
        "add-model": "add_model.sh",
        "add-route": "add_route.sh",
        "tankit-init": "init_project.sh"
      }
    }
  },
  "dependencies": {
    "tankit": {
      "version": "1.0.9",
      "resolved": "https://registry.npmjs.org/tankit/-/tankit-1.0.9.tgz",
      "integrity": "sha512-TzeQqS5g8e1seV4qTxL9HO7z+wOBImqlvNxbjNQalDLaVMMmftDbqlXUt1jujtxAVueFIJIk10Piz2wiwYDtxA=="
    }
  }
}
